# This file is generated by running "yarn install" inside your project.
# Manual changes might be lost - proceed with caution!

__metadata:
  version: 8
  cacheKey: 10c0

"@duffel/components@npm:3.1.3--prototype.14":
  version: 3.1.3--prototype.14
  resolution: "@duffel/components@npm:3.1.3--prototype.14"
  dependencies:
    "@sentry/browser": "npm:7.77.0"
    "@stripe/react-stripe-js": "npm:2.1.0"
    "@stripe/stripe-js": "npm:1.54.0"
    classnames: "npm:2.3.2"
    fuse.js: "npm:6.6.2"
    lodash: "npm:4.17.21"
    react: "npm:18.2.0"
    react-dom: "npm:18.2.0"
  checksum: 4615b4b910f18a0d02035f3305ecabc80e4069a6654ad42ca348686d6ec8459d2cf6a5605e0c8ca974aa23007bcb7403573c6b4a95c24b0ad117e1eef30af034
  languageName: node
  linkType: hard

"@duffel/components@npm:3.1.4":
  version: 3.1.4
  resolution: "@duffel/components@npm:3.1.4"
  dependencies:
    "@duffel/components": "npm:3.1.3--prototype.14"
    "@sentry/browser": "npm:7.77.0"
    "@stripe/react-stripe-js": "npm:2.1.0"
    "@stripe/stripe-js": "npm:1.54.0"
    classnames: "npm:2.3.2"
    fuse.js: "npm:6.6.2"
    lodash: "npm:4.17.21"
    react: "npm:18.2.0"
    react-dom: "npm:18.2.0"
  checksum: accd0dc21cf88cbd46acbf25a4436c8d6ad3fe1feba7ae257ba15f638f16b2953abbc66748b020fada1fe2dbe0c67e28e92fff23d3a4fd7f4e595e28b43b30fe
  languageName: node
  linkType: hard

"@esbuild/android-arm64@npm:0.17.19":
  version: 0.17.19
  resolution: "@esbuild/android-arm64@npm:0.17.19"
  conditions: os=android & cpu=arm64
  languageName: node
  linkType: hard

"@esbuild/android-arm@npm:0.17.19":
  version: 0.17.19
  resolution: "@esbuild/android-arm@npm:0.17.19"
  conditions: os=android & cpu=arm
  languageName: node
  linkType: hard

"@esbuild/android-x64@npm:0.17.19":
  version: 0.17.19
  resolution: "@esbuild/android-x64@npm:0.17.19"
  conditions: os=android & cpu=x64
  languageName: node
  linkType: hard

"@esbuild/darwin-arm64@npm:0.17.19":
  version: 0.17.19
  resolution: "@esbuild/darwin-arm64@npm:0.17.19"
  conditions: os=darwin & cpu=arm64
  languageName: node
  linkType: hard

"@esbuild/darwin-x64@npm:0.17.19":
  version: 0.17.19
  resolution: "@esbuild/darwin-x64@npm:0.17.19"
  conditions: os=darwin & cpu=x64
  languageName: node
  linkType: hard

"@esbuild/freebsd-arm64@npm:0.17.19":
  version: 0.17.19
  resolution: "@esbuild/freebsd-arm64@npm:0.17.19"
  conditions: os=freebsd & cpu=arm64
  languageName: node
  linkType: hard

"@esbuild/freebsd-x64@npm:0.17.19":
  version: 0.17.19
  resolution: "@esbuild/freebsd-x64@npm:0.17.19"
  conditions: os=freebsd & cpu=x64
  languageName: node
  linkType: hard

"@esbuild/linux-arm64@npm:0.17.19":
  version: 0.17.19
  resolution: "@esbuild/linux-arm64@npm:0.17.19"
  conditions: os=linux & cpu=arm64
  languageName: node
  linkType: hard

"@esbuild/linux-arm@npm:0.17.19":
  version: 0.17.19
  resolution: "@esbuild/linux-arm@npm:0.17.19"
  conditions: os=linux & cpu=arm
  languageName: node
  linkType: hard

"@esbuild/linux-ia32@npm:0.17.19":
  version: 0.17.19
  resolution: "@esbuild/linux-ia32@npm:0.17.19"
  conditions: os=linux & cpu=ia32
  languageName: node
  linkType: hard

"@esbuild/linux-loong64@npm:0.17.19":
  version: 0.17.19
  resolution: "@esbuild/linux-loong64@npm:0.17.19"
  conditions: os=linux & cpu=loong64
  languageName: node
  linkType: hard

"@esbuild/linux-mips64el@npm:0.17.19":
  version: 0.17.19
  resolution: "@esbuild/linux-mips64el@npm:0.17.19"
  conditions: os=linux & cpu=mips64el
  languageName: node
  linkType: hard

"@esbuild/linux-ppc64@npm:0.17.19":
  version: 0.17.19
  resolution: "@esbuild/linux-ppc64@npm:0.17.19"
  conditions: os=linux & cpu=ppc64
  languageName: node
  linkType: hard

"@esbuild/linux-riscv64@npm:0.17.19":
  version: 0.17.19
  resolution: "@esbuild/linux-riscv64@npm:0.17.19"
  conditions: os=linux & cpu=riscv64
  languageName: node
  linkType: hard

"@esbuild/linux-s390x@npm:0.17.19":
  version: 0.17.19
  resolution: "@esbuild/linux-s390x@npm:0.17.19"
  conditions: os=linux & cpu=s390x
  languageName: node
  linkType: hard

"@esbuild/linux-x64@npm:0.17.19":
  version: 0.17.19
  resolution: "@esbuild/linux-x64@npm:0.17.19"
  conditions: os=linux & cpu=x64
  languageName: node
  linkType: hard

"@esbuild/netbsd-x64@npm:0.17.19":
  version: 0.17.19
  resolution: "@esbuild/netbsd-x64@npm:0.17.19"
  conditions: os=netbsd & cpu=x64
  languageName: node
  linkType: hard

"@esbuild/openbsd-x64@npm:0.17.19":
  version: 0.17.19
  resolution: "@esbuild/openbsd-x64@npm:0.17.19"
  conditions: os=openbsd & cpu=x64
  languageName: node
  linkType: hard

"@esbuild/sunos-x64@npm:0.17.19":
  version: 0.17.19
  resolution: "@esbuild/sunos-x64@npm:0.17.19"
  conditions: os=sunos & cpu=x64
  languageName: node
  linkType: hard

"@esbuild/win32-arm64@npm:0.17.19":
  version: 0.17.19
  resolution: "@esbuild/win32-arm64@npm:0.17.19"
  conditions: os=win32 & cpu=arm64
  languageName: node
  linkType: hard

"@esbuild/win32-ia32@npm:0.17.19":
  version: 0.17.19
  resolution: "@esbuild/win32-ia32@npm:0.17.19"
  conditions: os=win32 & cpu=ia32
  languageName: node
  linkType: hard

"@esbuild/win32-x64@npm:0.17.19":
  version: 0.17.19
  resolution: "@esbuild/win32-x64@npm:0.17.19"
  conditions: os=win32 & cpu=x64
  languageName: node
  linkType: hard

"@sentry-internal/tracing@npm:7.77.0":
  version: 7.77.0
  resolution: "@sentry-internal/tracing@npm:7.77.0"
  dependencies:
    "@sentry/core": "npm:7.77.0"
    "@sentry/types": "npm:7.77.0"
    "@sentry/utils": "npm:7.77.0"
  checksum: 9cb934de672436402c2b32bcf586a318dedf85a2039d5728f364cbdc7d33fdb6d277aa20257614d24666c1b78aacbd8416aa4689ea1596751a0d398dde77f443
  languageName: node
  linkType: hard

"@sentry/browser@npm:7.77.0":
  version: 7.77.0
  resolution: "@sentry/browser@npm:7.77.0"
  dependencies:
    "@sentry-internal/tracing": "npm:7.77.0"
    "@sentry/core": "npm:7.77.0"
    "@sentry/replay": "npm:7.77.0"
    "@sentry/types": "npm:7.77.0"
    "@sentry/utils": "npm:7.77.0"
  checksum: 86f1e675690b47554242d9a19687e78444a5bf554d477d10c86058e695bab970b49a3aa5414b74c7377d9485039f55811ba72a576988a793aaf629fd7027fa88
  languageName: node
  linkType: hard

"@sentry/core@npm:7.77.0":
  version: 7.77.0
  resolution: "@sentry/core@npm:7.77.0"
  dependencies:
    "@sentry/types": "npm:7.77.0"
    "@sentry/utils": "npm:7.77.0"
  checksum: 59c468ef1cf9f035bb302bcc89f509916d0b19550cac296da83f526c0c779d53dbc5a0eb1c363d2e6ce46d2356c898d4fdecc8956e5c5c7d8dadb3470dbd5147
  languageName: node
  linkType: hard

"@sentry/replay@npm:7.77.0":
  version: 7.77.0
  resolution: "@sentry/replay@npm:7.77.0"
  dependencies:
    "@sentry-internal/tracing": "npm:7.77.0"
    "@sentry/core": "npm:7.77.0"
    "@sentry/types": "npm:7.77.0"
    "@sentry/utils": "npm:7.77.0"
  checksum: 8ad22c824dbc6ecc0adda85ae9039524c258d10b124f70661d2f233abf6bf370070e6dddbd694f6d0283bc980e491dd811c4dd40b0c144d8bd4db9e4c6d4848e
  languageName: node
  linkType: hard

"@sentry/types@npm:7.77.0":
  version: 7.77.0
  resolution: "@sentry/types@npm:7.77.0"
  checksum: 004a914efdcc3f15a23187340895dfb5aa6add6903f159ea3bab7f5e594967123c4921de1365bfa1e1c75ee6ece36f6b0b5e9b9756c0c1ed931bbf51274b653c
  languageName: node
  linkType: hard

"@sentry/utils@npm:7.77.0":
  version: 7.77.0
  resolution: "@sentry/utils@npm:7.77.0"
  dependencies:
    "@sentry/types": "npm:7.77.0"
  checksum: 958a60c85584321ab9c52add6c17774334605731f78a60544b0de0dfa5180610d30659adb211d6b6d6b06ca191bc13085da1919a8223f428b2e952515a5b7e4b
  languageName: node
  linkType: hard

"@stripe/react-stripe-js@npm:2.1.0":
  version: 2.1.0
  resolution: "@stripe/react-stripe-js@npm:2.1.0"
  dependencies:
    prop-types: "npm:^15.7.2"
  peerDependencies:
    "@stripe/stripe-js": ^1.44.1
    react: ^16.8.0 || ^17.0.0 || ^18.0.0
    react-dom: ^16.8.0 || ^17.0.0 || ^18.0.0
  checksum: af254114d2d5df0c3b86e165cf9fa0e55dac864e5ac914343a4bf22b14ee4c7e2c79f7403ef188ddb58caac298f80889603795b2a549dd4ca303e0f71a193b16
  languageName: node
  linkType: hard

"@stripe/stripe-js@npm:1.54.0":
  version: 1.54.0
  resolution: "@stripe/stripe-js@npm:1.54.0"
  checksum: c11e7369ea9dbcf45958af2067a0f6e132451e7eb2be869134e513b046db4864469bd153a577e0dac8916c9fef01f13223f972178f8e1453f338dc0c0b7485cf
  languageName: node
  linkType: hard

"@types/node@npm:20.2.5":
  version: 20.2.5
  resolution: "@types/node@npm:20.2.5"
  checksum: 1c3db8a4ceb5e5d12e7cb140e37c14a16ce013084c6d65579b91cefbe0ecaca57d85093d968172b11c3d1d95bcbc5d972b08aa3dc3935206fb39bc6c10751102
  languageName: node
  linkType: hard

"@types/prop-types@npm:*":
  version: 15.7.5
  resolution: "@types/prop-types@npm:15.7.5"
  checksum: 648aae41423821c61c83823ae36116c8d0f68258f8b609bdbc257752dcd616438d6343d554262aa9a7edaee5a19aca2e028a74fa2d0f40fffaf2816bc7056857
  languageName: node
  linkType: hard

"@types/react-dom@npm:18.2.4":
  version: 18.2.4
  resolution: "@types/react-dom@npm:18.2.4"
  dependencies:
    "@types/react": "npm:*"
  checksum: dfeaabb4268d39bdd5addc6c0b7099d5c57a364e70f1087b7c3ee189374312dc65201abfd3d87fee0de11d27c225678ce39c22d14b3035cde5792678704c27b5
  languageName: node
  linkType: hard

"@types/react@npm:*, @types/react@npm:18.2.7":
  version: 18.2.7
  resolution: "@types/react@npm:18.2.7"
  dependencies:
    "@types/prop-types": "npm:*"
    "@types/scheduler": "npm:*"
    csstype: "npm:^3.0.2"
  checksum: 5ec33ea64f3abc1da2a676809a16db2914465457154ecafc4f2db486e35d9e93fdfd661763396580eb489d7e131eaa86d8e58326719048bbcc2935f8ef0825fb
  languageName: node
  linkType: hard

"@types/scheduler@npm:*":
  version: 0.16.3
  resolution: "@types/scheduler@npm:0.16.3"
  checksum: c249d4b96fa05165ac22c214f94a045ee0af8beedefdbc54b769febd0044cab3a874e55419841a0dcc76439e379a63e257f3253c87168e3261e7bc783d623302
  languageName: node
  linkType: hard

"classnames@npm:2.3.2":
  version: 2.3.2
  resolution: "classnames@npm:2.3.2"
  checksum: cd50ead57b4f97436aaa9f9885c6926323efc7c2bea8e3d4eb10e4e972aa6a1cfca1c7a0e06f8a199ca7498d4339e30bb6002e589e61c9f21248cbf3e8b0b18d
  languageName: node
  linkType: hard

"csstype@npm:^3.0.2":
  version: 3.1.2
  resolution: "csstype@npm:3.1.2"
  checksum: 32c038af259897c807ac738d9eab16b3d86747c72b09d5c740978e06f067f9b7b1737e1b75e407c7ab1fe1543dc95f20e202b4786aeb1b8d3bdf5d5ce655e6c6
  languageName: node
  linkType: hard

"esbuild@npm:^0.17.19":
  version: 0.17.19
  resolution: "esbuild@npm:0.17.19"
  dependencies:
    "@esbuild/android-arm": "npm:0.17.19"
    "@esbuild/android-arm64": "npm:0.17.19"
    "@esbuild/android-x64": "npm:0.17.19"
    "@esbuild/darwin-arm64": "npm:0.17.19"
    "@esbuild/darwin-x64": "npm:0.17.19"
    "@esbuild/freebsd-arm64": "npm:0.17.19"
    "@esbuild/freebsd-x64": "npm:0.17.19"
    "@esbuild/linux-arm": "npm:0.17.19"
    "@esbuild/linux-arm64": "npm:0.17.19"
    "@esbuild/linux-ia32": "npm:0.17.19"
    "@esbuild/linux-loong64": "npm:0.17.19"
    "@esbuild/linux-mips64el": "npm:0.17.19"
    "@esbuild/linux-ppc64": "npm:0.17.19"
    "@esbuild/linux-riscv64": "npm:0.17.19"
    "@esbuild/linux-s390x": "npm:0.17.19"
    "@esbuild/linux-x64": "npm:0.17.19"
    "@esbuild/netbsd-x64": "npm:0.17.19"
    "@esbuild/openbsd-x64": "npm:0.17.19"
    "@esbuild/sunos-x64": "npm:0.17.19"
    "@esbuild/win32-arm64": "npm:0.17.19"
    "@esbuild/win32-ia32": "npm:0.17.19"
    "@esbuild/win32-x64": "npm:0.17.19"
  dependenciesMeta:
    "@esbuild/android-arm":
      optional: true
    "@esbuild/android-arm64":
      optional: true
    "@esbuild/android-x64":
      optional: true
    "@esbuild/darwin-arm64":
      optional: true
    "@esbuild/darwin-x64":
      optional: true
    "@esbuild/freebsd-arm64":
      optional: true
    "@esbuild/freebsd-x64":
      optional: true
    "@esbuild/linux-arm":
      optional: true
    "@esbuild/linux-arm64":
      optional: true
    "@esbuild/linux-ia32":
      optional: true
    "@esbuild/linux-loong64":
      optional: true
    "@esbuild/linux-mips64el":
      optional: true
    "@esbuild/linux-ppc64":
      optional: true
    "@esbuild/linux-riscv64":
      optional: true
    "@esbuild/linux-s390x":
      optional: true
    "@esbuild/linux-x64":
      optional: true
    "@esbuild/netbsd-x64":
      optional: true
    "@esbuild/openbsd-x64":
      optional: true
    "@esbuild/sunos-x64":
      optional: true
    "@esbuild/win32-arm64":
      optional: true
    "@esbuild/win32-ia32":
      optional: true
    "@esbuild/win32-x64":
      optional: true
  bin:
    esbuild: bin/esbuild
  checksum: c7ac14bfaaebe4745d5d18347b4f6854fd1140acb9389e88dbfa5c20d4e2122451d9647d5498920470a880a605d6e5502b5c2102da6c282b01f129ddd49d2874
  languageName: node
  linkType: hard

"fuse.js@npm:6.6.2":
  version: 6.6.2
  resolution: "fuse.js@npm:6.6.2"
  checksum: c2fe4f234f516e9ea83b06f06f8f3c8b7117f51aa75bbccd052eed0c0423364bf1e360ffbf29cadae8ef6aa39476b7961eaf9d07bed779cea5c83d62b34e2df9
  languageName: node
  linkType: hard

"js-tokens@npm:^3.0.0 || ^4.0.0":
  version: 4.0.0
  resolution: "js-tokens@npm:4.0.0"
  checksum: e248708d377aa058eacf2037b07ded847790e6de892bbad3dac0abba2e759cb9f121b00099a65195616badcb6eca8d14d975cb3e89eb1cfda644756402c8aeed
  languageName: node
  linkType: hard

"lodash@npm:4.17.21":
  version: 4.17.21
  resolution: "lodash@npm:4.17.21"
  checksum: d8cbea072bb08655bb4c989da418994b073a608dffa608b09ac04b43a791b12aeae7cd7ad919aa4c925f33b48490b5cfe6c1f71d827956071dae2e7bb3a6b74c
  languageName: node
  linkType: hard

"loose-envify@npm:^1.1.0, loose-envify@npm:^1.4.0":
  version: 1.4.0
  resolution: "loose-envify@npm:1.4.0"
  dependencies:
    js-tokens: "npm:^3.0.0 || ^4.0.0"
  bin:
    loose-envify: cli.js
  checksum: 655d110220983c1a4b9c0c679a2e8016d4b67f6e9c7b5435ff5979ecdb20d0813f4dec0a08674fcbdd4846a3f07edbb50a36811fd37930b94aaa0d9daceb017e
  languageName: node
  linkType: hard

"object-assign@npm:^4.1.1":
  version: 4.1.1
  resolution: "object-assign@npm:4.1.1"
  checksum: 1f4df9945120325d041ccf7b86f31e8bcc14e73d29171e37a7903050e96b81323784ec59f93f102ec635bcf6fa8034ba3ea0a8c7e69fa202b87ae3b6cec5a414
  languageName: node
  linkType: hard

"prop-types@npm:^15.7.2":
  version: 15.8.1
  resolution: "prop-types@npm:15.8.1"
  dependencies:
    loose-envify: "npm:^1.4.0"
    object-assign: "npm:^4.1.1"
    react-is: "npm:^16.13.1"
  checksum: 59ece7ca2fb9838031d73a48d4becb9a7cc1ed10e610517c7d8f19a1e02fa47f7c27d557d8a5702bec3cfeccddc853579832b43f449e54635803f277b1c78077
  languageName: node
  linkType: hard

"react-app@workspace:.":
  version: 0.0.0-use.local
  resolution: "react-app@workspace:."
  dependencies:
    "@duffel/components": "npm:3.1.4"
    "@types/node": "npm:20.2.5"
    "@types/react": "npm:18.2.7"
    "@types/react-dom": "npm:18.2.4"
    esbuild: "npm:^0.17.19"
    react: "npm:18.2.0"
    react-dom: "npm:18.2.0"
    typescript: "npm:5.0.4"
  languageName: unknown
  linkType: soft

"react-dom@npm:18.2.0":
  version: 18.2.0
  resolution: "react-dom@npm:18.2.0"
  dependencies:
    loose-envify: "npm:^1.1.0"
    scheduler: "npm:^0.23.0"
  peerDependencies:
    react: ^18.2.0
  checksum: 66dfc5f93e13d0674e78ef41f92ed21dfb80f9c4ac4ac25a4b51046d41d4d2186abc915b897f69d3d0ebbffe6184e7c5876f2af26bfa956f179225d921be713a
  languageName: node
  linkType: hard

"react-is@npm:^16.13.1":
  version: 16.13.1
  resolution: "react-is@npm:16.13.1"
  checksum: 33977da7a5f1a287936a0c85639fec6ca74f4f15ef1e59a6bc20338fc73dc69555381e211f7a3529b8150a1f71e4225525b41b60b52965bda53ce7d47377ada1
  languageName: node
  linkType: hard

"react@npm:18.2.0":
  version: 18.2.0
  resolution: "react@npm:18.2.0"
  dependencies:
    loose-envify: "npm:^1.1.0"
  checksum: b562d9b569b0cb315e44b48099f7712283d93df36b19a39a67c254c6686479d3980b7f013dc931f4a5a3ae7645eae6386b4aa5eea933baa54ecd0f9acb0902b8
  languageName: node
  linkType: hard

"scheduler@npm:^0.23.0":
  version: 0.23.0
  resolution: "scheduler@npm:0.23.0"
  dependencies:
    loose-envify: "npm:^1.1.0"
  checksum: b777f7ca0115e6d93e126ac490dbd82642d14983b3079f58f35519d992fa46260be7d6e6cede433a92db70306310c6f5f06e144f0e40c484199e09c1f7be53dd
  languageName: node
  linkType: hard

"typescript@npm:5.0.4":
  version: 5.0.4
  resolution: "typescript@npm:5.0.4"
  bin:
    tsc: bin/tsc
    tsserver: bin/tsserver
  checksum: 2f5bd1cead194905957cb34e220b1d6ff1662399adef8ec1864f74620922d860ee35b6e50eafb3b636ea6fd437195e454e1146cb630a4236b5095ed7617395c2
  languageName: node
  linkType: hard

"typescript@patch:typescript@npm%3A5.0.4#optional!builtin<compat/typescript>":
  version: 5.0.4
  resolution: "typescript@patch:typescript@npm%3A5.0.4#optional!builtin<compat/typescript>::version=5.0.4&hash=b5f058"
  bin:
    tsc: bin/tsc
    tsserver: bin/tsserver
  checksum: c3f7b80577bddf6fab202a7925131ac733bfc414aec298c2404afcddc7a6f242cfa8395cf2d48192265052e11a7577c27f6e5fac8d8fe6a6602023c83d6b3292
  languageName: node
  linkType: hard
