# This file is generated by running "yarn install" inside your project.
# Manual changes might be lost - proceed with caution!

__metadata:
  version: 8
  cacheKey: 10c0

"@duffel/components@npm:3.1.3--prototype.14":
  version: 3.1.3--prototype.14
  resolution: "@duffel/components@npm:3.1.3--prototype.14"
  dependencies:
    "@sentry/browser": "npm:7.77.0"
    "@stripe/react-stripe-js": "npm:2.1.0"
    "@stripe/stripe-js": "npm:1.54.0"
    classnames: "npm:2.3.2"
    fuse.js: "npm:6.6.2"
    lodash: "npm:4.17.21"
    react: "npm:18.2.0"
    react-dom: "npm:18.2.0"
  checksum: 4615b4b910f18a0d02035f3305ecabc80e4069a6654ad42ca348686d6ec8459d2cf6a5605e0c8ca974aa23007bcb7403573c6b4a95c24b0ad117e1eef30af034
  languageName: node
  linkType: hard

"@duffel/components@npm:3.1.4":
  version: 3.1.4
  resolution: "@duffel/components@npm:3.1.4"
  dependencies:
    "@duffel/components": "npm:3.1.3--prototype.14"
    "@sentry/browser": "npm:7.77.0"
    "@stripe/react-stripe-js": "npm:2.1.0"
    "@stripe/stripe-js": "npm:1.54.0"
    classnames: "npm:2.3.2"
    fuse.js: "npm:6.6.2"
    lodash: "npm:4.17.21"
    react: "npm:18.2.0"
    react-dom: "npm:18.2.0"
  checksum: accd0dc21cf88cbd46acbf25a4436c8d6ad3fe1feba7ae257ba15f638f16b2953abbc66748b020fada1fe2dbe0c67e28e92fff23d3a4fd7f4e595e28b43b30fe
  languageName: node
  linkType: hard

"@next/env@npm:13.5.6":
  version: 13.5.6
  resolution: "@next/env@npm:13.5.6"
  checksum: b1fefa21b698397a2f922ee53a5ecb91ff858f042b2a198652b9de49c031fc5e00d79da92ba7d84ef205e95368d5afbb0f104abaf00e9dde7985d9eae63bb4fb
  languageName: node
  linkType: hard

"@next/swc-darwin-arm64@npm:13.5.6":
  version: 13.5.6
  resolution: "@next/swc-darwin-arm64@npm:13.5.6"
  conditions: os=darwin & cpu=arm64
  languageName: node
  linkType: hard

"@next/swc-darwin-x64@npm:13.5.6":
  version: 13.5.6
  resolution: "@next/swc-darwin-x64@npm:13.5.6"
  conditions: os=darwin & cpu=x64
  languageName: node
  linkType: hard

"@next/swc-linux-arm64-gnu@npm:13.5.6":
  version: 13.5.6
  resolution: "@next/swc-linux-arm64-gnu@npm:13.5.6"
  conditions: os=linux & cpu=arm64 & libc=glibc
  languageName: node
  linkType: hard

"@next/swc-linux-arm64-musl@npm:13.5.6":
  version: 13.5.6
  resolution: "@next/swc-linux-arm64-musl@npm:13.5.6"
  conditions: os=linux & cpu=arm64 & libc=musl
  languageName: node
  linkType: hard

"@next/swc-linux-x64-gnu@npm:13.5.6":
  version: 13.5.6
  resolution: "@next/swc-linux-x64-gnu@npm:13.5.6"
  conditions: os=linux & cpu=x64 & libc=glibc
  languageName: node
  linkType: hard

"@next/swc-linux-x64-musl@npm:13.5.6":
  version: 13.5.6
  resolution: "@next/swc-linux-x64-musl@npm:13.5.6"
  conditions: os=linux & cpu=x64 & libc=musl
  languageName: node
  linkType: hard

"@next/swc-win32-arm64-msvc@npm:13.5.6":
  version: 13.5.6
  resolution: "@next/swc-win32-arm64-msvc@npm:13.5.6"
  conditions: os=win32 & cpu=arm64
  languageName: node
  linkType: hard

"@next/swc-win32-ia32-msvc@npm:13.5.6":
  version: 13.5.6
  resolution: "@next/swc-win32-ia32-msvc@npm:13.5.6"
  conditions: os=win32 & cpu=ia32
  languageName: node
  linkType: hard

"@next/swc-win32-x64-msvc@npm:13.5.6":
  version: 13.5.6
  resolution: "@next/swc-win32-x64-msvc@npm:13.5.6"
  conditions: os=win32 & cpu=x64
  languageName: node
  linkType: hard

"@sentry-internal/tracing@npm:7.77.0":
  version: 7.77.0
  resolution: "@sentry-internal/tracing@npm:7.77.0"
  dependencies:
    "@sentry/core": "npm:7.77.0"
    "@sentry/types": "npm:7.77.0"
    "@sentry/utils": "npm:7.77.0"
  checksum: 9cb934de672436402c2b32bcf586a318dedf85a2039d5728f364cbdc7d33fdb6d277aa20257614d24666c1b78aacbd8416aa4689ea1596751a0d398dde77f443
  languageName: node
  linkType: hard

"@sentry/browser@npm:7.77.0":
  version: 7.77.0
  resolution: "@sentry/browser@npm:7.77.0"
  dependencies:
    "@sentry-internal/tracing": "npm:7.77.0"
    "@sentry/core": "npm:7.77.0"
    "@sentry/replay": "npm:7.77.0"
    "@sentry/types": "npm:7.77.0"
    "@sentry/utils": "npm:7.77.0"
  checksum: 86f1e675690b47554242d9a19687e78444a5bf554d477d10c86058e695bab970b49a3aa5414b74c7377d9485039f55811ba72a576988a793aaf629fd7027fa88
  languageName: node
  linkType: hard

"@sentry/core@npm:7.77.0":
  version: 7.77.0
  resolution: "@sentry/core@npm:7.77.0"
  dependencies:
    "@sentry/types": "npm:7.77.0"
    "@sentry/utils": "npm:7.77.0"
  checksum: 59c468ef1cf9f035bb302bcc89f509916d0b19550cac296da83f526c0c779d53dbc5a0eb1c363d2e6ce46d2356c898d4fdecc8956e5c5c7d8dadb3470dbd5147
  languageName: node
  linkType: hard

"@sentry/replay@npm:7.77.0":
  version: 7.77.0
  resolution: "@sentry/replay@npm:7.77.0"
  dependencies:
    "@sentry-internal/tracing": "npm:7.77.0"
    "@sentry/core": "npm:7.77.0"
    "@sentry/types": "npm:7.77.0"
    "@sentry/utils": "npm:7.77.0"
  checksum: 8ad22c824dbc6ecc0adda85ae9039524c258d10b124f70661d2f233abf6bf370070e6dddbd694f6d0283bc980e491dd811c4dd40b0c144d8bd4db9e4c6d4848e
  languageName: node
  linkType: hard

"@sentry/types@npm:7.77.0":
  version: 7.77.0
  resolution: "@sentry/types@npm:7.77.0"
  checksum: 004a914efdcc3f15a23187340895dfb5aa6add6903f159ea3bab7f5e594967123c4921de1365bfa1e1c75ee6ece36f6b0b5e9b9756c0c1ed931bbf51274b653c
  languageName: node
  linkType: hard

"@sentry/utils@npm:7.77.0":
  version: 7.77.0
  resolution: "@sentry/utils@npm:7.77.0"
  dependencies:
    "@sentry/types": "npm:7.77.0"
  checksum: 958a60c85584321ab9c52add6c17774334605731f78a60544b0de0dfa5180610d30659adb211d6b6d6b06ca191bc13085da1919a8223f428b2e952515a5b7e4b
  languageName: node
  linkType: hard

"@stripe/react-stripe-js@npm:2.1.0":
  version: 2.1.0
  resolution: "@stripe/react-stripe-js@npm:2.1.0"
  dependencies:
    prop-types: "npm:^15.7.2"
  peerDependencies:
    "@stripe/stripe-js": ^1.44.1
    react: ^16.8.0 || ^17.0.0 || ^18.0.0
    react-dom: ^16.8.0 || ^17.0.0 || ^18.0.0
  checksum: af254114d2d5df0c3b86e165cf9fa0e55dac864e5ac914343a4bf22b14ee4c7e2c79f7403ef188ddb58caac298f80889603795b2a549dd4ca303e0f71a193b16
  languageName: node
  linkType: hard

"@stripe/stripe-js@npm:1.54.0":
  version: 1.54.0
  resolution: "@stripe/stripe-js@npm:1.54.0"
  checksum: c11e7369ea9dbcf45958af2067a0f6e132451e7eb2be869134e513b046db4864469bd153a577e0dac8916c9fef01f13223f972178f8e1453f338dc0c0b7485cf
  languageName: node
  linkType: hard

"@swc/helpers@npm:0.5.2":
  version: 0.5.2
  resolution: "@swc/helpers@npm:0.5.2"
  dependencies:
    tslib: "npm:^2.4.0"
  checksum: b6fa49bcf6c00571d0eb7837b163f8609960d4d77538160585e27ed167361e9776bd6e5eb9646ffac2fb4d43c58df9ca50dab9d96ab097e6591bc82a75fd1164
  languageName: node
  linkType: hard

"@types/node@npm:~18":
  version: 18.18.6
  resolution: "@types/node@npm:18.18.6"
  checksum: 50312053b0906058aa026e1c85c9125b4f0e8d6ae5e3699fb5bc8e0d5b9d1c2b12303902b2b91477c389f15ad40235d240b882819dd93a49bd6b46983f63be1c
  languageName: node
  linkType: hard

"@types/prop-types@npm:*":
  version: 15.7.9
  resolution: "@types/prop-types@npm:15.7.9"
  checksum: e2a7373b91a8eb30cb4e399ef5b3a14baa7d72eed1667ef5e3cb1e9400edfca9b60c20b845fefdcf7562773829f6ff60ba350b09f6313a8093e70c15b2b88f00
  languageName: node
  linkType: hard

"@types/react-dom@npm:^18":
  version: 18.2.14
  resolution: "@types/react-dom@npm:18.2.14"
  dependencies:
    "@types/react": "npm:*"
  checksum: 1f79a7708d038cd651bdb21e01a99c594761bc9a40a565abe98958e1d27facfeb6e9824ddf6ae3504e7a56568f0f3da2380fe52ac18477b5864d2d5cf1386a9e
  languageName: node
  linkType: hard

"@types/react@npm:*, @types/react@npm:^18":
  version: 18.2.31
  resolution: "@types/react@npm:18.2.31"
  dependencies:
    "@types/prop-types": "npm:*"
    "@types/scheduler": "npm:*"
    csstype: "npm:^3.0.2"
  checksum: d2793873aef68038e0dc3ee05a573c663fcd3ba7402f1134a633df25aaeb72fd397479d5a5f02e9edc8cd5d000479a73f7bdc64cf00c50fb022c883f22e1fd0f
  languageName: node
  linkType: hard

"@types/scheduler@npm:*":
  version: 0.16.5
  resolution: "@types/scheduler@npm:0.16.5"
  checksum: 625b63cd5dcaf6fb88fe03aa7c797f28cb121f03584126d4811b2d03f39bc3e238ce52cf7685ad8adfe8445d679934e6be47347723a6771ca2058c01f0c33760
  languageName: node
  linkType: hard

"busboy@npm:1.6.0":
  version: 1.6.0
  resolution: "busboy@npm:1.6.0"
  dependencies:
    streamsearch: "npm:^1.1.0"
  checksum: fa7e836a2b82699b6e074393428b91ae579d4f9e21f5ac468e1b459a244341d722d2d22d10920cdd849743dbece6dca11d72de939fb75a7448825cf2babfba1f
  languageName: node
  linkType: hard

"caniuse-lite@npm:^1.0.30001406":
  version: 1.0.30001554
  resolution: "caniuse-lite@npm:1.0.30001554"
  checksum: 1ef7647d005ff4b6d2797dd3d4d47cf66733531999e40b50dcbe3c84f59f8ecac92ffba7ca35b932bd1ce5f8aedbf22f3bd464898be00874e3db99ef869bd726
  languageName: node
  linkType: hard

"classnames@npm:2.3.2":
  version: 2.3.2
  resolution: "classnames@npm:2.3.2"
  checksum: cd50ead57b4f97436aaa9f9885c6926323efc7c2bea8e3d4eb10e4e972aa6a1cfca1c7a0e06f8a199ca7498d4339e30bb6002e589e61c9f21248cbf3e8b0b18d
  languageName: node
  linkType: hard

"client-only@npm:0.0.1":
  version: 0.0.1
  resolution: "client-only@npm:0.0.1"
  checksum: 9d6cfd0c19e1c96a434605added99dff48482152af791ec4172fb912a71cff9027ff174efd8cdb2160cc7f377543e0537ffc462d4f279bc4701de3f2a3c4b358
  languageName: node
  linkType: hard

"csstype@npm:^3.0.2":
  version: 3.1.2
  resolution: "csstype@npm:3.1.2"
  checksum: 32c038af259897c807ac738d9eab16b3d86747c72b09d5c740978e06f067f9b7b1737e1b75e407c7ab1fe1543dc95f20e202b4786aeb1b8d3bdf5d5ce655e6c6
  languageName: node
  linkType: hard

"enhanced-resolve@npm:^5.10.0":
  version: 5.15.0
  resolution: "enhanced-resolve@npm:5.15.0"
  dependencies:
    graceful-fs: "npm:^4.2.4"
    tapable: "npm:^2.2.0"
  checksum: 69984a7990913948b4150855aed26a84afb4cb1c5a94fb8e3a65bd00729a73fc2eaff6871fb8e345377f294831afe349615c93560f2f54d61b43cdfdf668f19a
  languageName: node
  linkType: hard

"fuse.js@npm:6.6.2":
  version: 6.6.2
  resolution: "fuse.js@npm:6.6.2"
  checksum: c2fe4f234f516e9ea83b06f06f8f3c8b7117f51aa75bbccd052eed0c0423364bf1e360ffbf29cadae8ef6aa39476b7961eaf9d07bed779cea5c83d62b34e2df9
  languageName: node
  linkType: hard

"glob-to-regexp@npm:^0.4.1":
  version: 0.4.1
  resolution: "glob-to-regexp@npm:0.4.1"
  checksum: 0486925072d7a916f052842772b61c3e86247f0a80cc0deb9b5a3e8a1a9faad5b04fb6f58986a09f34d3e96cd2a22a24b7e9882fb1cf904c31e9a310de96c429
  languageName: node
  linkType: hard

"graceful-fs@npm:^4.1.2, graceful-fs@npm:^4.2.4":
  version: 4.2.11
  resolution: "graceful-fs@npm:4.2.11"
  checksum: 386d011a553e02bc594ac2ca0bd6d9e4c22d7fa8cfbfc448a6d148c59ea881b092db9dbe3547ae4b88e55f1b01f7c4a2ecc53b310c042793e63aa44cf6c257f2
  languageName: node
  linkType: hard

"js-tokens@npm:^3.0.0 || ^4.0.0":
  version: 4.0.0
  resolution: "js-tokens@npm:4.0.0"
  checksum: e248708d377aa058eacf2037b07ded847790e6de892bbad3dac0abba2e759cb9f121b00099a65195616badcb6eca8d14d975cb3e89eb1cfda644756402c8aeed
  languageName: node
  linkType: hard

"lodash@npm:4.17.21":
  version: 4.17.21
  resolution: "lodash@npm:4.17.21"
  checksum: d8cbea072bb08655bb4c989da418994b073a608dffa608b09ac04b43a791b12aeae7cd7ad919aa4c925f33b48490b5cfe6c1f71d827956071dae2e7bb3a6b74c
  languageName: node
  linkType: hard

"loose-envify@npm:^1.1.0, loose-envify@npm:^1.4.0":
  version: 1.4.0
  resolution: "loose-envify@npm:1.4.0"
  dependencies:
    js-tokens: "npm:^3.0.0 || ^4.0.0"
  bin:
    loose-envify: cli.js
  checksum: 655d110220983c1a4b9c0c679a2e8016d4b67f6e9c7b5435ff5979ecdb20d0813f4dec0a08674fcbdd4846a3f07edbb50a36811fd37930b94aaa0d9daceb017e
  languageName: node
  linkType: hard

"my-app@workspace:.":
  version: 0.0.0-use.local
  resolution: "my-app@workspace:."
  dependencies:
    "@duffel/components": "npm:3.1.4"
    "@types/node": "npm:~18"
    "@types/react": "npm:^18"
    "@types/react-dom": "npm:^18"
    next: "npm:13.5.6"
    next-transpile-modules: "npm:^10.0.1"
    react: "npm:^18"
    react-dom: "npm:^18"
    typescript: "npm:^5"
  languageName: unknown
  linkType: soft

"nanoid@npm:^3.3.6":
  version: 3.3.6
  resolution: "nanoid@npm:3.3.6"
  bin:
    nanoid: bin/nanoid.cjs
  checksum: 606b355960d0fcbe3d27924c4c52ef7d47d3b57208808ece73279420d91469b01ec1dce10fae512b6d4a8c5a5432b352b228336a8b2202a6ea68e67fa348e2ee
  languageName: node
  linkType: hard

"next-transpile-modules@npm:^10.0.1":
  version: 10.0.1
  resolution: "next-transpile-modules@npm:10.0.1"
  dependencies:
    enhanced-resolve: "npm:^5.10.0"
  checksum: e047655170bc5bfdfad7d3694a28a49dc7e817c6616bbd0b9139a03a81f4bee34c96ecfdbc1cb626ea66a79b54322782ad316bf72d2a367fa424795e6ef7bcca
  languageName: node
  linkType: hard

"next@npm:13.5.6":
  version: 13.5.6
  resolution: "next@npm:13.5.6"
  dependencies:
    "@next/env": "npm:13.5.6"
    "@next/swc-darwin-arm64": "npm:13.5.6"
    "@next/swc-darwin-x64": "npm:13.5.6"
    "@next/swc-linux-arm64-gnu": "npm:13.5.6"
    "@next/swc-linux-arm64-musl": "npm:13.5.6"
    "@next/swc-linux-x64-gnu": "npm:13.5.6"
    "@next/swc-linux-x64-musl": "npm:13.5.6"
    "@next/swc-win32-arm64-msvc": "npm:13.5.6"
    "@next/swc-win32-ia32-msvc": "npm:13.5.6"
    "@next/swc-win32-x64-msvc": "npm:13.5.6"
    "@swc/helpers": "npm:0.5.2"
    busboy: "npm:1.6.0"
    caniuse-lite: "npm:^1.0.30001406"
    postcss: "npm:8.4.31"
    styled-jsx: "npm:5.1.1"
    watchpack: "npm:2.4.0"
  peerDependencies:
    "@opentelemetry/api": ^1.1.0
    react: ^18.2.0
    react-dom: ^18.2.0
    sass: ^1.3.0
  dependenciesMeta:
    "@next/swc-darwin-arm64":
      optional: true
    "@next/swc-darwin-x64":
      optional: true
    "@next/swc-linux-arm64-gnu":
      optional: true
    "@next/swc-linux-arm64-musl":
      optional: true
    "@next/swc-linux-x64-gnu":
      optional: true
    "@next/swc-linux-x64-musl":
      optional: true
    "@next/swc-win32-arm64-msvc":
      optional: true
    "@next/swc-win32-ia32-msvc":
      optional: true
    "@next/swc-win32-x64-msvc":
      optional: true
  peerDependenciesMeta:
    "@opentelemetry/api":
      optional: true
    sass:
      optional: true
  bin:
    next: dist/bin/next
  checksum: ef141d7708a432aff8bf080d285c466a83b0c1d008d1c66bbd49652a598f9ac15ef2e69a045f21ba44a5543b595cb945468b5f33e25deae2cc48b4d32be5bcec
  languageName: node
  linkType: hard

"object-assign@npm:^4.1.1":
  version: 4.1.1
  resolution: "object-assign@npm:4.1.1"
  checksum: 1f4df9945120325d041ccf7b86f31e8bcc14e73d29171e37a7903050e96b81323784ec59f93f102ec635bcf6fa8034ba3ea0a8c7e69fa202b87ae3b6cec5a414
  languageName: node
  linkType: hard

"picocolors@npm:^1.0.0":
  version: 1.0.0
  resolution: "picocolors@npm:1.0.0"
  checksum: 20a5b249e331c14479d94ec6817a182fd7a5680debae82705747b2db7ec50009a5f6648d0621c561b0572703f84dbef0858abcbd5856d3c5511426afcb1961f7
  languageName: node
  linkType: hard

"postcss@npm:8.4.31":
  version: 8.4.31
  resolution: "postcss@npm:8.4.31"
  dependencies:
    nanoid: "npm:^3.3.6"
    picocolors: "npm:^1.0.0"
    source-map-js: "npm:^1.0.2"
  checksum: 748b82e6e5fc34034dcf2ae88ea3d11fd09f69b6c50ecdd3b4a875cfc7cdca435c958b211e2cb52355422ab6fccb7d8f2f2923161d7a1b281029e4a913d59acf
  languageName: node
  linkType: hard

"prop-types@npm:^15.7.2":
  version: 15.8.1
  resolution: "prop-types@npm:15.8.1"
  dependencies:
    loose-envify: "npm:^1.4.0"
    object-assign: "npm:^4.1.1"
    react-is: "npm:^16.13.1"
  checksum: 59ece7ca2fb9838031d73a48d4becb9a7cc1ed10e610517c7d8f19a1e02fa47f7c27d557d8a5702bec3cfeccddc853579832b43f449e54635803f277b1c78077
  languageName: node
  linkType: hard

"react-dom@npm:18.2.0, react-dom@npm:^18":
  version: 18.2.0
  resolution: "react-dom@npm:18.2.0"
  dependencies:
    loose-envify: "npm:^1.1.0"
    scheduler: "npm:^0.23.0"
  peerDependencies:
    react: ^18.2.0
  checksum: 66dfc5f93e13d0674e78ef41f92ed21dfb80f9c4ac4ac25a4b51046d41d4d2186abc915b897f69d3d0ebbffe6184e7c5876f2af26bfa956f179225d921be713a
  languageName: node
  linkType: hard

"react-is@npm:^16.13.1":
  version: 16.13.1
  resolution: "react-is@npm:16.13.1"
  checksum: 33977da7a5f1a287936a0c85639fec6ca74f4f15ef1e59a6bc20338fc73dc69555381e211f7a3529b8150a1f71e4225525b41b60b52965bda53ce7d47377ada1
  languageName: node
  linkType: hard

"react@npm:18.2.0, react@npm:^18":
  version: 18.2.0
  resolution: "react@npm:18.2.0"
  dependencies:
    loose-envify: "npm:^1.1.0"
  checksum: b562d9b569b0cb315e44b48099f7712283d93df36b19a39a67c254c6686479d3980b7f013dc931f4a5a3ae7645eae6386b4aa5eea933baa54ecd0f9acb0902b8
  languageName: node
  linkType: hard

"scheduler@npm:^0.23.0":
  version: 0.23.0
  resolution: "scheduler@npm:0.23.0"
  dependencies:
    loose-envify: "npm:^1.1.0"
  checksum: b777f7ca0115e6d93e126ac490dbd82642d14983b3079f58f35519d992fa46260be7d6e6cede433a92db70306310c6f5f06e144f0e40c484199e09c1f7be53dd
  languageName: node
  linkType: hard

"source-map-js@npm:^1.0.2":
  version: 1.0.2
  resolution: "source-map-js@npm:1.0.2"
  checksum: 32f2dfd1e9b7168f9a9715eb1b4e21905850f3b50cf02cf476e47e4eebe8e6b762b63a64357896aa29b37e24922b4282df0f492e0d2ace572b43d15525976ff8
  languageName: node
  linkType: hard

"streamsearch@npm:^1.1.0":
  version: 1.1.0
  resolution: "streamsearch@npm:1.1.0"
  checksum: fbd9aecc2621364384d157f7e59426f4bfd385e8b424b5aaa79c83a6f5a1c8fd2e4e3289e95de1eb3511cb96bb333d6281a9919fafce760e4edb35b2cd2facab
  languageName: node
  linkType: hard

"styled-jsx@npm:5.1.1":
  version: 5.1.1
  resolution: "styled-jsx@npm:5.1.1"
  dependencies:
    client-only: "npm:0.0.1"
  peerDependencies:
    react: ">= 16.8.0 || 17.x.x || ^18.0.0-0"
  peerDependenciesMeta:
    "@babel/core":
      optional: true
    babel-plugin-macros:
      optional: true
  checksum: 42655cdadfa5388f8a48bb282d6b450df7d7b8cf066ac37038bd0499d3c9f084815ebd9ff9dfa12a218fd4441338851db79603498d7557207009c1cf4d609835
  languageName: node
  linkType: hard

"tapable@npm:^2.2.0":
  version: 2.2.1
  resolution: "tapable@npm:2.2.1"
  checksum: bc40e6efe1e554d075469cedaba69a30eeb373552aaf41caeaaa45bf56ffacc2674261b106245bd566b35d8f3329b52d838e851ee0a852120acae26e622925c9
  languageName: node
  linkType: hard

"tslib@npm:^2.4.0":
  version: 2.6.2
  resolution: "tslib@npm:2.6.2"
  checksum: e03a8a4271152c8b26604ed45535954c0a45296e32445b4b87f8a5abdb2421f40b59b4ca437c4346af0f28179780d604094eb64546bee2019d903d01c6c19bdb
  languageName: node
  linkType: hard

"typescript@npm:^5":
  version: 5.2.2
  resolution: "typescript@npm:5.2.2"
  bin:
    tsc: bin/tsc
    tsserver: bin/tsserver
  checksum: 91ae3e6193d0ddb8656d4c418a033f0f75dec5e077ebbc2bd6d76439b93f35683936ee1bdc0e9cf94ec76863aa49f27159b5788219b50e1cd0cd6d110aa34b07
  languageName: node
  linkType: hard

"typescript@patch:typescript@npm%3A^5#optional!builtin<compat/typescript>":
  version: 5.2.2
  resolution: "typescript@patch:typescript@npm%3A5.2.2#optional!builtin<compat/typescript>::version=5.2.2&hash=f3b441"
  bin:
    tsc: bin/tsc
    tsserver: bin/tsserver
  checksum: 062c1cee1990e6b9419ce8a55162b8dc917eb87f807e4de0327dbc1c2fa4e5f61bc0dd4e034d38ff541d1ed0479b53bcee8e4de3a4075c51a1724eb6216cb6f5
  languageName: node
  linkType: hard

"watchpack@npm:2.4.0":
  version: 2.4.0
  resolution: "watchpack@npm:2.4.0"
  dependencies:
    glob-to-regexp: "npm:^0.4.1"
    graceful-fs: "npm:^4.1.2"
  checksum: c5e35f9fb9338d31d2141d9835643c0f49b5f9c521440bb648181059e5940d93dd8ed856aa8a33fbcdd4e121dad63c7e8c15c063cf485429cd9d427be197fe62
  languageName: node
  linkType: hard
